github.com/BurntSushi/toml v0.3.1/go.mod h1:xHWCNGjB5oqiDr8zfno3MHue2Ht5sIBksp03qcyfWMU=
github.com/aws/aws-sdk-go v1.34.28/go.mod h1:H7NKnBqNVzoTJpGfLrQkkD+ytBA93eiDYi/+8rV9s48=
github.com/davecgh/go-spew v1.1.0/go.mod h1:J7Y8YcW2NihsgmVo/mv3lAwl/skON4iLHjSsI+c5H38=
github.com/davecgh/go-spew v1.1.1/go.mod h1:J7Y8YcW2NihsgmVo/mv3lAwl/skON4iLHjSsI+c5H38=
github.com/go-sql-driver/mysql v1.5.0/go.mod h1:DCzpHaOWr8IXmIStZouvnhqoel9Qv2LBy8hT2VhHyBg=
github.com/go-stack/stack v1.8.0/go.mod h1:v0f6uXyyMGvRgIKkXu+yp6POWl0qKG85gN/melR3HDY=
github.com/gobuffalo/attrs v0.0.0-20190224210810-a9411de4debd/go.mod h1:4duuawTqi2wkkpB4ePgWMaai6/Kc6WEz83bhFwpHzj0=
github.com/gobuffalo/depgen v0.0.0-20190329151759-d478694a28d3/go.mod h1:3STtPUQYuzV0gBVOY3vy6CfMm/ljR4pABfrTeHNLHUY=
github.com/gobuffalo/depgen v0.1.0/go.mod h1:+ifsuy7fhi15RWncXQQKjWS9JPkdah5sZvtHc2RXGlg=
github.com/gobuffalo/envy v1.6.15/go.mod h1:n7DRkBerg/aorDM8kbduw5dN3oXGswK5liaSCx4T5NI=
github.com/gobuffalo/envy v1.7.0/go.mod h1:n7DRkBerg/aorDM8kbduw5dN3oXGswK5liaSCx4T5NI=
github.com/gobuffalo/flect v0.1.0/go.mod h1:d2ehjJqGOH/Kjqcoz+F7jHTBbmDb38yXA598Hb50EGs=
github.com/gobuffalo/flect v0.1.1/go.mod h1:8JCgGVbRjJhVgD6399mQr4fx5rRfGKVzFjbj6RE/9UI=
github.com/gobuffalo/flect v0.1.3/go.mod h1:8JCgGVbRjJhVgD6399mQr4fx5rRfGKVzFjbj6RE/9UI=
github.com/gobuffalo/genny v0.0.0-20190329151137-27723ad26ef9/go.mod h1:rWs4Z12d1Zbf19rlsn0nurr75KqhYp52EAGGxTbBhNk=
github.com/gobuffalo/genny v0.0.0-20190403191548-3ca520ef0d9e/go.mod h1:80lIj3kVJWwOrXWWMRzzdhW3DsrdjILVil/SFKBzF28=
github.com/gobuffalo/genny v0.1.0/go.mod h1:XidbUqzak3lHdS//TPu2OgiFB+51Ur5f7CSnXZ/JDvo=
github.com/gobuffalo/genny v0.1.1/go.mod h1:5TExbEyY48pfunL4QSXxlDOmdsD44RRq4mVZ0Ex28Xk=
github.com/gobuffalo/gitgen v0.0.0-20190315122116-cc086187d211/go.mod h1:vEHJk/E9DmhejeLeNt7UVvlSGv3ziL+djtTr3yyzcOw=
github.com/gobuffalo/gogen v0.0.0-20190315121717-8f38393713f5/go.mod h1:V9QVDIxsgKNZs6L2IYiGR8datgMhB577vzTDqypH360=
github.com/gobuffalo/gogen v0.1.0/go.mod h1:8NTelM5qd8RZ15VjQTFkAW6qOMx5wBbW4dSCS3BY8gg=
github.com/gobuffalo/gogen v0.1.1/go.mod h1:y8iBtmHmGc4qa3urIyo1shvOD8JftTtfcKi+71xfDNE=
github.com/gobuffalo/logger v0.0.0-20190315122211-86e12af44bc2/go.mod h1:QdxcLw541hSGtBnhUc4gaNIXRjiDppFGaDqzbrBd3v8=
github.com/gobuffalo/mapi v1.0.1/go.mod h1:4VAGh89y6rVOvm5A8fKFxYG+wIW6LO1FMTG9hnKStFc=
github.com/gobuffalo/mapi v1.0.2/go.mod h1:4VAGh89y6rVOvm5A8fKFxYG+wIW6LO1FMTG9hnKStFc=
github.com/gobuffalo/packd v0.0.0-20190315124812-a385830c7fc0/go.mod h1:M2Juc+hhDXf/PnmBANFCqx4DM3wRbgDvnVWeG2RIxq4=
github.com/gobuffalo/packd v0.1.0/go.mod h1:M2Juc+hhDXf/PnmBANFCqx4DM3wRbgDvnVWeG2RIxq4=
github.com/gobuffalo/packr/v2 v2.0.9/go.mod h1:emmyGweYTm6Kdper+iywB6YK5YzuKchGtJQZ0Odn4pQ=
github.com/gobuffalo/packr/v2 v2.2.0/go.mod h1:CaAwI0GPIAv+5wKLtv8Afwl+Cm78K/I/VCm/3ptBN+0=
github.com/gobuffalo/syncx v0.0.0-20190224160051-33c29581e754/go.mod h1:HhnNqWY95UYwwW3uSASeV7vtgYkT2t16hJgV3AEPUpw=
github.com/golang/snappy v0.0.1/go.mod h1:/XxbfmMg8lxefKM7IXC3fBNl/7bRcc72aCRzEWrmP2Q=
github.com/google/go-cmp v0.5.2/go.mod h1:v8dTdLbMG2kIc/vJvl+f65V22dbkXbowE6jgT/gNBxE=
github.com/google/uuid v1.2.0 h1:qJYtXnJRWmpe7m/3XlyhrsLrEURqHRM2kxzoxXqyUDs=
github.com/google/uuid v1.2.0/go.mod h1:TIyPZe4MgqvfeYDBFedMoGGpEw/LqOeaOT+nhxU+yHo=
github.com/inconshreveable/mousetrap v1.0.0/go.mod h1:PxqpIevigyE2G7u3NXJIT2ANytuPF1OarO4DADm73n8=
github.com/jmespath/go-jmespath v0.4.0/go.mod h1:T8mJZnbsbmF+m6zOOFylbeCJqk5+pHWvzYPziyZiYoo=
github.com/jmespath/go-jmespath/internal/testify v1.5.1/go.mod h1:L3OGu8Wl2/fWfCI6z80xFu9LTZmf1ZRjMHUOPmWr69U=
github.com/joho/godotenv v1.3.0/go.mod h1:7hK45KPybAkOC6peb+G5yklZfMxEjkZhHbwpqxOKXbg=
github.com/karrick/godirwalk v1.8.0/go.mod h1:H5KPZjojv4lE+QYImBI8xVtrBRgYrIVsaRPx4tDPEn4=
github.com/karrick/godirwalk v1.10.3/go.mod h1:RoGL9dQei4vP9ilrpETWE8CLOZ1kiN0LhBygSwrAsHA=
github.com/klauspost/compress v1.9.5/go.mod h1:RyIbtBH6LamlWaDj8nUwkbUhJ87Yi3uG0guNDohfE1A=
github.com/konsorten/go-windows-terminal-sequences v1.0.1/go.mod h1:T0+1ngSBFLxvqU3pZ+m/2kptfBszLMUkC4ZK/EgS/cQ=
github.com/konsorten/go-windows-terminal-sequences v1.0.2/go.mod h1:T0+1ngSBFLxvqU3pZ+m/2kptfBszLMUkC4ZK/EgS/cQ=
github.com/kr/pretty v0.1.0/go.mod h1:dAy3ld7l9f0ibDNOQOHHMYYIIbhfbHSm3C4ZsoJORNo=
github.com/kr/pty v1.1.1/go.mod h1:pFQYn66WHrOpPYNljwOMqo10TkYh1fy3cYio2l3bCsQ=
github.com/kr/text v0.1.0/go.mod h1:4Jbv+DJW3UT/LiOwJeYQe1efqtUx/iVham/4vfdArNI=
github.com/markbates/oncer v0.0.0-20181203154359-bf2de49a0be2/go.mod h1:Ld9puTsIW75CHf65OeIOkyKbteujpZVXDpWK6YGZbxE=
github.com/markbates/safe v1.0.1/go.mod h1:nAqgmRi7cY2nqMc92/bSEeQA+R4OheNU2T1kNSCBdG0=
github.com/montanaflynn/stats v0.0.0-20171201202039-1bf9dbcd8cbe/go.mod h1:wL8QJuTMNUDYhXwkmfOly8iTdp5TEcJFWZD2D7SIkUc=
github.com/pelletier/go-toml v1.7.0/go.mod h1:vwGMzjaWMwyfHwgIBhI2YUM4fB6nL6lVAvS1LBMMhTE=
github.com/pkg/errors v0.8.0/go.mod h1:bwawxfHBFNV+L2hUp1rHADufV3IMtnDRdf1r5NINEl0=
github.com/pkg/errors v0.8.1/go.mod h1:bwawxfHBFNV+L2hUp1rHADufV3IMtnDRdf1r5NINEl0=
github.com/pkg/errors v0.9.1/go.mod h1:bwawxfHBFNV+L2hUp1rHADufV3IMtnDRdf1r5NINEl0=
github.com/pmezard/go-difflib v1.0.0/go.mod h1:iKH77koFhYxTK1pcRnkKkqfTogsbg7gZNVY4sRDYZ/4=
github.com/rogpeppe/go-internal v1.1.0/go.mod h1:M8bDsm7K2OlrFYOpmOWEs/qY81heoFRclV5y23lUDJ4=
github.com/rogpeppe/go-internal v1.2.2/go.mod h1:M8bDsm7K2OlrFYOpmOWEs/qY81heoFRclV5y23lUDJ4=
github.com/rogpeppe/go-internal v1.3.0/go.mod h1:M8bDsm7K2OlrFYOpmOWEs/qY81heoFRclV5y23lUDJ4=
github.com/sirupsen/logrus v1.4.0/go.mod h1:LxeOpSwHxABJmUn/MG1IvRgCAasNZTLOkJPxbbu5VWo=
github.com/sirupsen/logrus v1.4.1/go.mod h1:ni0Sbl8bgC9z8RoU9G6nDWqqs/fq4eDPysMBDgk/93Q=
github.com/sirupsen/logrus v1.4.2/go.mod h1:tLMulIdttU9McNUspp0xgXVQah82FyeX6MwdIuYE2rE=
github.com/spf13/cobra v0.0.3/go.mod h1:1l0Ry5zgKvJasoi3XT1TypsSe7PqH0Sj9dhYf7v3XqQ=
github.com/spf13/pflag v1.0.3/go.mod h1:DYY7MBk1bdzusC3SYhjObp+wFpr4gzcvqqNjLnInEg4=
github.com/stretchr/objx v0.1.0/go.mod h1:HFkY916IF+rwdDfMAkV7OtwuqBVzrE8GR6GFx+wExME=
github.com/stretchr/objx v0.1.1/go.mod h1:HFkY916IF+rwdDfMAkV7OtwuqBVzrE8GR6GFx+wExME=
github.com/stretchr/testify v1.2.2/go.mod h1:a8OnRcib4nhh0OaRAV+Yts87kKdq0PP7pXfy6kDkUVs=
github.com/stretchr/testify v1.3.0/go.mod h1:M5WIy9Dh21IEIfnGCwXGc5bZfKNJtfHm1UVUgZn+9EI=
github.com/stretchr/testify v1.6.1/go.mod h1:6Fq8oRcR53rry900zMqJjRRixrwX3KX962/h/Wwjteg=
github.com/tapvanvn/gosmartstring v0.0.1-0.20210322071850-8fca60932d05/go.mod h1:qvdJTN04rN5+t9B8rIaA1U/ac9S1m5xOGWC1l0gDyuc=
github.com/tapvanvn/gosmartstring v0.0.1-alpha.1/go.mod h1:4W6iE5b7NBOig4ox+pSgk0cXHTHVDRF9I5RuaSIOJCc=
github.com/tapvanvn/gosmartstring v0.0.1-alpha.2/go.mod h1:m8dXy4IWzvH/ZDjvxEoiXoXFY/5p+JaAolDcT7yGL+U=
github.com/tapvanvn/gosmartstring v0.0.2-alpha.4 h1:iYaBwiLNQX6dF9TYHs8Xt3pN3PdpLoZJj9NJXi36FWQ=
github.com/tapvanvn/gosmartstring v0.0.2-alpha.4/go.mod h1:m8dXy4IWzvH/ZDjvxEoiXoXFY/5p+JaAolDcT7yGL+U=
github.com/tapvanvn/gosmartstring v0.0.2-alpha.5 h1:0l6kzrLU2V/d5DmCfPzFdb6TBZpZhhZBE15xpM+JCNU=
github.com/tapvanvn/gosmartstring v0.0.2-alpha.5/go.mod h1:m8dXy4IWzvH/ZDjvxEoiXoXFY/5p+JaAolDcT7yGL+U=
github.com/tapvanvn/gosmartstring v0.0.2-alpha.6 h1:Agzo042jcfDH6djkuvnbso7nqvHnHGvz1rmq2wiaYFk=
github.com/tapvanvn/gosmartstring v0.0.2-alpha.6/go.mod h1:FZDXQadh0rPPQC0JSutuMuiIMdlfDmlDe9UGQCzHpv8=
github.com/tapvanvn/gosmartstring v0.0.2-alpha.7 h1:/y8yAF8bCSWmQptRDaT+Zmy2XOryGPccLZiwsmdC/vc=
github.com/tapvanvn/gosmartstring v0.0.2-alpha.7/go.mod h1:fZobMwF2TGk71UQBWx67gql7dFv6t9fHlt2kPxAwEHM=
github.com/tapvanvn/gosmartstring v0.0.2-alpha.8 h1:EXjsu3z1uoup/YB9dM0LubY3bK4Wqt1i4B4eWkwBX64=
github.com/tapvanvn/gosmartstring v0.0.2-alpha.8/go.mod h1:VZQZZ04eZP0Exifm+Eqailv27sHzt2vkbEd0Ht5RnQ8=
github.com/tapvanvn/gosmartstring v0.0.2-alpha.9 h1:9N/uyrKlFyJOxF9n59ERNuRt1wpzQDTvFYeY0N3eExs=
github.com/tapvanvn/gosmartstring v0.0.2-alpha.9/go.mod h1:VZQZZ04eZP0Exifm+Eqailv27sHzt2vkbEd0Ht5RnQ8=
github.com/tapvanvn/gosmartstring v0.0.2-alpha.10 h1:frOwWqBq7re3KOVc1PvVQKWuavh+8Is3Mi6XGb4ehBc=
github.com/tapvanvn/gosmartstring v0.0.2-alpha.10/go.mod h1:VZQZZ04eZP0Exifm+Eqailv27sHzt2vkbEd0Ht5RnQ8=
github.com/tapvanvn/gosmartstring v0.0.2-alpha.11 h1:JFdBiwiveqf3+3NJGt10LhCBN579LF6Dty/vqLwIUcQ=
github.com/tapvanvn/gosmartstring v0.0.2-alpha.11/go.mod h1:VZQZZ04eZP0Exifm+Eqailv27sHzt2vkbEd0Ht5RnQ8=
github.com/tapvanvn/gosmartstring v0.0.2-alpha.12 h1:CplIS2d8I2qijJV805BVX0xvnCZmV6Jbo5Ak3wCMa7E=
github.com/tapvanvn/gosmartstring v0.0.2-alpha.12/go.mod h1:VZQZZ04eZP0Exifm+Eqailv27sHzt2vkbEd0Ht5RnQ8=
github.com/tapvanvn/gosmartstring v0.0.2-alpha.13 h1:q4LyXMAt00cT0EZNSk71EcaSUwg8XSuh/8Mwi4q2k90=
github.com/tapvanvn/gosmartstring v0.0.2-alpha.13/go.mod h1:VZQZZ04eZP0Exifm+Eqailv27sHzt2vkbEd0Ht5RnQ8=
github.com/tapvanvn/gosmartstring v0.0.2-alpha.14 h1:9/Pod4PVz1oy5RC7vYK4tXeCoo493XdVGzNJZBB0fKc=
github.com/tapvanvn/gosmartstring v0.0.2-alpha.14/go.mod h1:VZQZZ04eZP0Exifm+Eqailv27sHzt2vkbEd0Ht5RnQ8=
github.com/tapvanvn/gosmartstring v0.0.2-alpha.15 h1:ljk0lA+6maH5lETyKVIXXXC8VDsZdW8M2jv3si/yda0=
github.com/tapvanvn/gosmartstring v0.0.2-alpha.15/go.mod h1:VZQZZ04eZP0Exifm+Eqailv27sHzt2vkbEd0Ht5RnQ8=
github.com/tapvanvn/gosmartstring v0.0.2-alpha.16 h1:qg/PhTDbMhM57epQmHb2SHXO3A7CkW8ZpzMWmNYl3lg=
github.com/tapvanvn/gosmartstring v0.0.2-alpha.16/go.mod h1:VZQZZ04eZP0Exifm+Eqailv27sHzt2vkbEd0Ht5RnQ8=
github.com/tapvanvn/gosmartstring v0.0.2-alpha.17 h1:9xkzCqqzx6IJ764CUhk5vU8h1rAKgFBNYkZNs6i+NNI=
github.com/tapvanvn/gosmartstring v0.0.2-alpha.17/go.mod h1:VZQZZ04eZP0Exifm+Eqailv27sHzt2vkbEd0Ht5RnQ8=
github.com/tapvanvn/gosmartstring v0.0.2-alpha.18 h1:bvFPkTtqtDcbkAgsjaTmnSGnaLeRJ+t7hksGbcYtFgo=
github.com/tapvanvn/gosmartstring v0.0.2-alpha.18/go.mod h1:VZQZZ04eZP0Exifm+Eqailv27sHzt2vkbEd0Ht5RnQ8=
github.com/tapvanvn/gosmartstring v0.0.2-alpha.19 h1:dIqpYqJlhHBEH9DSdLDV8PSAj8sngFSW09J9krKoQaY=
github.com/tapvanvn/gosmartstring v0.0.2-alpha.19/go.mod h1:VZQZZ04eZP0Exifm+Eqailv27sHzt2vkbEd0Ht5RnQ8=
github.com/tapvanvn/gosmartstring v0.0.2-alpha.20 h1:zi1e8j/L+PFdbziWU/cUP5E1KVEY1mdzV3FafDsQNhg=
github.com/tapvanvn/gosmartstring v0.0.2-alpha.20/go.mod h1:VZQZZ04eZP0Exifm+Eqailv27sHzt2vkbEd0Ht5RnQ8=
github.com/tapvanvn/gosmartstring v0.0.2-alpha.21 h1:velHu3k/fa2yy3E0WBpLstDvPSiPPapEIa3izN3zm1Q=
github.com/tapvanvn/gosmartstring v0.0.2-alpha.21/go.mod h1:VZQZZ04eZP0Exifm+Eqailv27sHzt2vkbEd0Ht5RnQ8=
github.com/tapvanvn/gosmartstring v0.0.2-alpha.22 h1:fv2phAMtalZxyvkyxa8eBv6teBakcj8k4IDxYCk/KWU=
github.com/tapvanvn/gosmartstring v0.0.2-alpha.22/go.mod h1:VZQZZ04eZP0Exifm+Eqailv27sHzt2vkbEd0Ht5RnQ8=
github.com/tapvanvn/gosmartstring v0.0.2-alpha.23 h1:HlN5EV4yaD2BnuObuC0ZgJg6rIXPO87zNO+U58ny3QI=
github.com/tapvanvn/gosmartstring v0.0.2-alpha.23/go.mod h1:VZQZZ04eZP0Exifm+Eqailv27sHzt2vkbEd0Ht5RnQ8=
github.com/tapvanvn/gosmartstring v0.0.2-alpha.24 h1:meSaOGXirLrYZpM8U2SBfOjwR+OL4IOUGxc/riy5MkU=
github.com/tapvanvn/gosmartstring v0.0.2-alpha.24/go.mod h1:VZQZZ04eZP0Exifm+Eqailv27sHzt2vkbEd0Ht5RnQ8=
github.com/tapvanvn/gosmartstring v0.0.2-alpha.25 h1:3yHW2dPmegTUSF8ONL7xx0+V/9DcEiwLlEqHwB/O1dU=
github.com/tapvanvn/gosmartstring v0.0.2-alpha.25/go.mod h1:VZQZZ04eZP0Exifm+Eqailv27sHzt2vkbEd0Ht5RnQ8=
github.com/tapvanvn/gosmartstring v0.0.2-alpha.26 h1:Z5PAwA+Kq0T2Rsr382t01LiP/3awnTXW/HO370FqeFk=
github.com/tapvanvn/gosmartstring v0.0.2-alpha.26/go.mod h1:VZQZZ04eZP0Exifm+Eqailv27sHzt2vkbEd0Ht5RnQ8=
github.com/tapvanvn/gosmartstring v0.0.2-alpha.27 h1:iY1bjMjibQzLbmBKStQO0x882nnjNwebxFyHgHQxCr8=
github.com/tapvanvn/gosmartstring v0.0.2-alpha.27/go.mod h1:VZQZZ04eZP0Exifm+Eqailv27sHzt2vkbEd0Ht5RnQ8=
github.com/tapvanvn/gosmartstring v0.0.2-alpha.28 h1:b+lgL+5owegN1gk4S9mCBAmxKC19U02YPbigNcPZHvs=
github.com/tapvanvn/gosmartstring v0.0.2-alpha.28/go.mod h1:VZQZZ04eZP0Exifm+Eqailv27sHzt2vkbEd0Ht5RnQ8=
github.com/tapvanvn/gosmartstring v0.0.2-alpha.29 h1:Q8+H/RxPhLF6UirSprYusHbSSffbqEcFQ0BXv3H2mEg=
github.com/tapvanvn/gosmartstring v0.0.2-alpha.29/go.mod h1:VZQZZ04eZP0Exifm+Eqailv27sHzt2vkbEd0Ht5RnQ8=
github.com/tapvanvn/gosmartstring v0.0.2-alpha.30 h1:Fk7oPUMm2Ox7rNnFKr6k+kr+vKwcmaChxUOE+/NWS4Q=
github.com/tapvanvn/gosmartstring v0.0.2-alpha.30/go.mod h1:VZQZZ04eZP0Exifm+Eqailv27sHzt2vkbEd0Ht5RnQ8=
github.com/tapvanvn/gosmartstring v0.0.2-alpha.31 h1:cOJAKpzv+hMdXqRGFBTGHYipVnAr7WD7Dx1Yl6GApkg=
github.com/tapvanvn/gosmartstring v0.0.2-alpha.31/go.mod h1:VZQZZ04eZP0Exifm+Eqailv27sHzt2vkbEd0Ht5RnQ8=
github.com/tapvanvn/gosmartstring v0.0.2-alpha.32 h1:Phf3DRkY9isw7JpdsLcN+jqY7T3cNF1NFwHeLEoa3jo=
github.com/tapvanvn/gosmartstring v0.0.2-alpha.32/go.mod h1:VZQZZ04eZP0Exifm+Eqailv27sHzt2vkbEd0Ht5RnQ8=
github.com/tapvanvn/gosmartstring v0.0.2-alpha.33 h1:7zSoHb0mDs0zns3VttrP855HMC/gKPjJ1NOcBII5Mdo=
github.com/tapvanvn/gosmartstring v0.0.2-alpha.33/go.mod h1:VZQZZ04eZP0Exifm+Eqailv27sHzt2vkbEd0Ht5RnQ8=
github.com/tapvanvn/gosmartstring v0.0.2-alpha.34 h1:6pbvIRA57VaD9S7v97FAVZTVnIWoBmelgx+Y2VSlFxk=
github.com/tapvanvn/gosmartstring v0.0.2-alpha.34/go.mod h1:VZQZZ04eZP0Exifm+Eqailv27sHzt2vkbEd0Ht5RnQ8=
github.com/tapvanvn/gosmartstring v0.0.2-alpha.35 h1:yEAbC6Pev6HVFF7gVTi7YdZ/avJtsMxtkBLQ4CiB+BE=
github.com/tapvanvn/gosmartstring v0.0.2-alpha.35/go.mod h1:VZQZZ04eZP0Exifm+Eqailv27sHzt2vkbEd0Ht5RnQ8=
github.com/tapvanvn/gosmartstring v0.0.2-alpha.36 h1:Jn1S3IU9lMU3jd3UsjtQbtxrY+onHqdJwxeuhF6J0dM=
github.com/tapvanvn/gosmartstring v0.0.2-alpha.36/go.mod h1:VZQZZ04eZP0Exifm+Eqailv27sHzt2vkbEd0Ht5RnQ8=
github.com/tapvanvn/gosmartstring v0.0.2-alpha.37 h1:xBsdH/RYZUkhEsCql0t5bsfe0uClEVeU/oj6518Sigc=
github.com/tapvanvn/gosmartstring v0.0.2-alpha.37/go.mod h1:VZQZZ04eZP0Exifm+Eqailv27sHzt2vkbEd0Ht5RnQ8=
github.com/tapvanvn/gosmartstring v0.0.2-alpha.38 h1:sGyfWdX7nwVP6yeL20YDfBkExunFfQS5YC/dv+oxhUQ=
github.com/tapvanvn/gosmartstring v0.0.2-alpha.38/go.mod h1:VZQZZ04eZP0Exifm+Eqailv27sHzt2vkbEd0Ht5RnQ8=
github.com/tapvanvn/gosmartstring v0.0.2-alpha.39 h1:tfwcvxt0SkV1Ee6zp/5+9XY5IUzvMoDpY9wW0KMeu4w=
github.com/tapvanvn/gosmartstring v0.0.2-alpha.39/go.mod h1:VZQZZ04eZP0Exifm+Eqailv27sHzt2vkbEd0Ht5RnQ8=
github.com/tapvanvn/gosmartstring v0.0.2-alpha.40 h1:qAhP3nV+9wvNHN3drjg2aylax6Rwq6lvw+DUbX+aeS8=
github.com/tapvanvn/gosmartstring v0.0.2-alpha.40/go.mod h1:VZQZZ04eZP0Exifm+Eqailv27sHzt2vkbEd0Ht5RnQ8=
github.com/tapvanvn/gosmartstring v0.0.2-alpha.41 h1:kCi9jeAaQIepnRLc5d0jZtRF2H1n3jLSbFWbgsyYx8I=
github.com/tapvanvn/gosmartstring v0.0.2-alpha.41/go.mod h1:VZQZZ04eZP0Exifm+Eqailv27sHzt2vkbEd0Ht5RnQ8=
github.com/tapvanvn/gosmartstring v0.0.2-alpha.42 h1:SiCNmomlJjdX3Xt0KkIxFsfwq69UYldQQKwwM3ShQko=
github.com/tapvanvn/gosmartstring v0.0.2-alpha.42/go.mod h1:VZQZZ04eZP0Exifm+Eqailv27sHzt2vkbEd0Ht5RnQ8=
github.com/tapvanvn/gosmartstring v0.0.2-alpha.43 h1:rjHBo3xCCIMmoowE2PHVxFFh5Os5iqm1ILC8X8WjLJU=
github.com/tapvanvn/gosmartstring v0.0.2-alpha.43/go.mod h1:VZQZZ04eZP0Exifm+Eqailv27sHzt2vkbEd0Ht5RnQ8=
github.com/tapvanvn/gosmartstring v0.0.2-alpha.44 h1:KaIEjerVIgGfaM7a0258LvmjAI+UkYKyeNnCNzhNT8c=
github.com/tapvanvn/gosmartstring v0.0.2-alpha.44/go.mod h1:VZQZZ04eZP0Exifm+Eqailv27sHzt2vkbEd0Ht5RnQ8=
github.com/tapvanvn/gosmartstring v0.0.2-alpha.45 h1:zOkYXwuOHbpFYlN9uEUcGz3ViVkVrmlW/Kr1xNmJjnI=
github.com/tapvanvn/gosmartstring v0.0.2-alpha.45/go.mod h1:VZQZZ04eZP0Exifm+Eqailv27sHzt2vkbEd0Ht5RnQ8=
github.com/tapvanvn/gosmartstring v0.0.2-alpha.46 h1:P6sPF/2yNDOBssUlfanZjlLuonwavg4OG6Fbox5qO20=
github.com/tapvanvn/gosmartstring v0.0.2-alpha.46/go.mod h1:VZQZZ04eZP0Exifm+Eqailv27sHzt2vkbEd0Ht5RnQ8=
github.com/tapvanvn/gosmartstring v0.0.2-alpha.47 h1:A2iqJVwjk+FBcZn83GfQFgMh0YuhE/fCHBvBBW0UUDg=
github.com/tapvanvn/gosmartstring v0.0.2-alpha.47/go.mod h1:VZQZZ04eZP0Exifm+Eqailv27sHzt2vkbEd0Ht5RnQ8=
github.com/tapvanvn/gosmartstring v0.0.2-alpha.48 h1:y+mL75O9tNzdk1hvzvAsWx0Abby8HtI3Y8P9tPLpmqo=
github.com/tapvanvn/gosmartstring v0.0.2-alpha.48/go.mod h1:VZQZZ04eZP0Exifm+Eqailv27sHzt2vkbEd0Ht5RnQ8=
github.com/tapvanvn/gosmartstring v0.0.2-alpha.49 h1:UIs7A54TDV0d2nMvU4UC7MYRZeSgkRhAGyW/44Mgqnw=
github.com/tapvanvn/gosmartstring v0.0.2-alpha.49/go.mod h1:VZQZZ04eZP0Exifm+Eqailv27sHzt2vkbEd0Ht5RnQ8=
github.com/tapvanvn/gosmartstring v0.0.2-alpha.50 h1:GrmL7uiFP0Yke7Of9/138mh8ODh23mudxVaYvWsWLmk=
github.com/tapvanvn/gosmartstring v0.0.2-alpha.50/go.mod h1:VZQZZ04eZP0Exifm+Eqailv27sHzt2vkbEd0Ht5RnQ8=
github.com/tapvanvn/gosmartstring v0.0.2-alpha.51 h1:jBeD8M2cUcayzMJLd0vyz5vsp0Zcon6SShXJao9vt08=
github.com/tapvanvn/gosmartstring v0.0.2-alpha.51/go.mod h1:yZ8JdMlWKrCtoNrvf+dl63a5i8CihNABoPWoBTY3xXI=
github.com/tapvanvn/gosmartstring v0.0.2-alpha.52 h1:tbBtjpNHAjh95j4TRGQUe3Wq4Av/T2aZdN1WNANdje0=
github.com/tapvanvn/gosmartstring v0.0.2-alpha.52/go.mod h1:2gAtNeAZzQjuZaz9xa0TRO9LkyDRBbCAfv521XWRbZ4=
github.com/tapvanvn/gosmartstring v0.0.2-alpha.53 h1:lOY58JliN0OH/iDX/SxEtB2MfFSFUZlbV9nzZftgyWc=
github.com/tapvanvn/gosmartstring v0.0.2-alpha.53/go.mod h1:VzZZDCQEQILaxsfMm//qJKR7xP2SVc47rkzslouG87Y=
github.com/tapvanvn/gosmartstring v0.0.2-alpha.54 h1:u8kXU5BUbSCBVUim6+rgV5hRbtkNpDOG1qfitHEnOSk=
github.com/tapvanvn/gosmartstring v0.0.2-alpha.54/go.mod h1:cHxlXhxN0YaV5LBJAPhNcJUBq9h7ML+Y4Uzs+pdT0Oo=
github.com/tapvanvn/gosmartstring v0.0.2-alpha.55 h1:Zryu48m2nah1TUiYEaIIwHfqSWi6gJxWB7yBZKW/WnU=
github.com/tapvanvn/gosmartstring v0.0.2-alpha.55/go.mod h1:cHxlXhxN0YaV5LBJAPhNcJUBq9h7ML+Y4Uzs+pdT0Oo=
github.com/tapvanvn/gosmartstring v0.0.2-alpha.56 h1:300jbhUgjw9UNp7KC/P5xXT4fZMDN/ui4sJq4Jg34OQ=
github.com/tapvanvn/gosmartstring v0.0.2-alpha.56/go.mod h1:cHxlXhxN0YaV5LBJAPhNcJUBq9h7ML+Y4Uzs+pdT0Oo=
github.com/tapvanvn/gosmartstring v0.0.2-alpha.58 h1:p0eSqwgd9gWXWJCrtqkUWxCCH8Evn/jcpazc2ylnZgI=
github.com/tapvanvn/gosmartstring v0.0.2-alpha.58/go.mod h1:cHxlXhxN0YaV5LBJAPhNcJUBq9h7ML+Y4Uzs+pdT0Oo=
github.com/tapvanvn/gosmartstring v0.0.2-alpha.59 h1:U8uwexhuMW39PwJ80N1vDQ0GtJZo9qSMd9yXIiAyYo0=
github.com/tapvanvn/gosmartstring v0.0.2-alpha.59/go.mod h1:cHxlXhxN0YaV5LBJAPhNcJUBq9h7ML+Y4Uzs+pdT0Oo=
github.com/tapvanvn/gosmartstring v0.0.2-alpha.60 h1:X4SvUEpFTwvBxNAUO05yXOwEBel5/yRT8emSuzXkHW4=
github.com/tapvanvn/gosmartstring v0.0.2-alpha.60/go.mod h1:cHxlXhxN0YaV5LBJAPhNcJUBq9h7ML+Y4Uzs+pdT0Oo=
github.com/tapvanvn/gosmartstring v0.0.2-alpha.61 h1:0FbpvJBo0y5LOrm2EnRUKHYFkmVMwQfWJGdN63v1igs=
github.com/tapvanvn/gosmartstring v0.0.2-alpha.61/go.mod h1:cHxlXhxN0YaV5LBJAPhNcJUBq9h7ML+Y4Uzs+pdT0Oo=
github.com/tapvanvn/gosmartstring v0.0.2-alpha.62 h1:38qD4dm5xF84nF8mLRg+tpNJ8pupVVQ0pAVzZyNWAlg=
github.com/tapvanvn/gosmartstring v0.0.2-alpha.62/go.mod h1:+1THKlvU/hEU24idpqjUQORrDIuyVpX8lNKc2784JXU=
github.com/tapvanvn/gosmartstring v0.0.2 h1:rqrNhOfn6JE02fErgq7Xc9sqTUs0tlhAUQidIwiCeBU=
github.com/tapvanvn/gosmartstring v0.0.2/go.mod h1:KJq7Iwy4ITBFxNCHLOms/mu+tcn75o8pS54Y6o5EpZo=
github.com/tapvanvn/gosmartstring v0.0.3-alpha.1 h1:hvGTZH4ufYMCAoZm/d+Nlmud+cBsfvOxYqQ2Sfpa/i0=
github.com/tapvanvn/gosmartstring v0.0.3-alpha.1/go.mod h1:savD40lDJPL+v4I7OIcrj2X2Y8nK9rV7/BglNlRsXB8=
github.com/tapvanvn/gosmartstring v0.0.3-alpha.2 h1:dUHdbmxarKGnXNjyoBiVUVSmwrFyaBxPyDPlX+kIQEY=
github.com/tapvanvn/gosmartstring v0.0.3-alpha.2/go.mod h1:tY0InsAo5UY6U7pbxOzQnTuSU0vq0P0V3ez0JAe/KKw=
github.com/tapvanvn/gosmartstring v0.0.3-alpha.3 h1:e+cmG47WgVeilnU9j9hGV87QJo717kmO2QVrln0/erM=
github.com/tapvanvn/gosmartstring v0.0.3-alpha.3/go.mod h1:tY0InsAo5UY6U7pbxOzQnTuSU0vq0P0V3ez0JAe/KKw=
github.com/tapvanvn/gosmartstring v0.0.3-alpha.4 h1:bzIwGikaFgth1lwACjUDenCNcjLSliX+ql8i7NRV1cI=
github.com/tapvanvn/gosmartstring v0.0.3-alpha.4/go.mod h1:tY0InsAo5UY6U7pbxOzQnTuSU0vq0P0V3ez0JAe/KKw=
github.com/tapvanvn/gosmartstring v0.0.3-alpha.5 h1:T6iEUTC1OcmM5DAdhimczdwgNO9ktkooujhWFjlIgjU=
github.com/tapvanvn/gosmartstring v0.0.3-alpha.5/go.mod h1:tY0InsAo5UY6U7pbxOzQnTuSU0vq0P0V3ez0JAe/KKw=
github.com/tapvanvn/gosmartstring v0.0.3-alpha.6 h1:k8NE1HDT2y5g+LSW3PkN7lyfnAXm1CoyHxoYYm0ahCA=
github.com/tapvanvn/gosmartstring v0.0.3-alpha.6/go.mod h1:tY0InsAo5UY6U7pbxOzQnTuSU0vq0P0V3ez0JAe/KKw=
github.com/tapvanvn/gosmartstring v0.0.3-alpha.7 h1:Sd4sjnkOPBnheil7R6nsiSP30zWD87DbO8MPYUUWqb4=
github.com/tapvanvn/gosmartstring v0.0.3-alpha.7/go.mod h1:tY0InsAo5UY6U7pbxOzQnTuSU0vq0P0V3ez0JAe/KKw=
github.com/tapvanvn/gosmartstring v0.0.3-alpha.8 h1:m/fVrtBaDZKamzspKgbeRPnK0+ujmHgHc7rTZmwGR+o=
github.com/tapvanvn/gosmartstring v0.0.3-alpha.8/go.mod h1:k20hCBGLx2hd52P/hgYaY8WP4MGQApI6LS5WiN3US8Y=
github.com/tapvanvn/gosmartstring v0.0.3-alpha.9 h1:0djnW2UKIW5bDQKvYrFjiVCzgYEuSB7BYspLDI393OM=
github.com/tapvanvn/gosmartstring v0.0.3-alpha.9/go.mod h1:k20hCBGLx2hd52P/hgYaY8WP4MGQApI6LS5WiN3US8Y=
github.com/tapvanvn/gosmartstring v0.0.3-alpha.10 h1:5yFcG14evOeZXPKexkRX8yd6g2itg2Jgg0Ampo4j6Ls=
github.com/tapvanvn/gosmartstring v0.0.3-alpha.10/go.mod h1:k20hCBGLx2hd52P/hgYaY8WP4MGQApI6LS5WiN3US8Y=
github.com/tapvanvn/gosmartstring v0.0.3-alpha.11 h1:/jYmov3R06Y3HWKejcpCo9TrM4VZGJFaqn1IocIgMak=
github.com/tapvanvn/gosmartstring v0.0.3-alpha.11/go.mod h1:k20hCBGLx2hd52P/hgYaY8WP4MGQApI6LS5WiN3US8Y=
github.com/tapvanvn/gosmartstring v0.0.3-alpha.12 h1:FtICBW++5AdmC4YaTXq7jOr/rAqxEFnJPG93GfY3kCI=
github.com/tapvanvn/gosmartstring v0.0.3-alpha.12/go.mod h1:k20hCBGLx2hd52P/hgYaY8WP4MGQApI6LS5WiN3US8Y=
github.com/tapvanvn/gosmartstring v0.0.3-alpha.13 h1:k0hgW+/f+2yXxvNnvLWT3CA6U2n7jDJUOuEUjm6CWUA=
github.com/tapvanvn/gosmartstring v0.0.3-alpha.13/go.mod h1:k20hCBGLx2hd52P/hgYaY8WP4MGQApI6LS5WiN3US8Y=
github.com/tapvanvn/gosmartstring v0.0.3-alpha.14 h1:M/3GDqIqkWsvgEAEZsRRvrMqsGhd8HqYNhLZmthpOyw=
github.com/tapvanvn/gosmartstring v0.0.3-alpha.14/go.mod h1:k20hCBGLx2hd52P/hgYaY8WP4MGQApI6LS5WiN3US8Y=
github.com/tapvanvn/gosmartstring v0.0.3-alpha.15 h1:813hvj6ClttDTZlM8vz+iqLaYA/ztXNznK+nwk1qnRI=
github.com/tapvanvn/gosmartstring v0.0.3-alpha.15/go.mod h1:k20hCBGLx2hd52P/hgYaY8WP4MGQApI6LS5WiN3US8Y=
github.com/tapvanvn/gosmartstring v0.0.3-alpha.16 h1:BRL/Rzuv1iBvmLpvfpzQF/bwWyEPN/RkVUq5mN3gRVA=
github.com/tapvanvn/gosmartstring v0.0.3-alpha.16/go.mod h1:k20hCBGLx2hd52P/hgYaY8WP4MGQApI6LS5WiN3US8Y=
github.com/tapvanvn/gosmartstring v0.0.3-alpha.17 h1:XtYSlo53RFyAbyW0WXVabI3ZgISV9VsrCYl8e+Lbpjc=
github.com/tapvanvn/gosmartstring v0.0.3-alpha.17/go.mod h1:t2tQOV1SsHl0tbHMSeiet0ESqNKjeWTgT9CJOPz5Hqs=
github.com/tapvanvn/gosmartstring v0.0.3-alpha.18 h1:0Wt6+8ohS/FtJHOmWLHx6HrvPsj3CPqMUk2RJTxsUxk=
github.com/tapvanvn/gosmartstring v0.0.3-alpha.18/go.mod h1:t2tQOV1SsHl0tbHMSeiet0ESqNKjeWTgT9CJOPz5Hqs=
github.com/tapvanvn/gosmartstring v0.0.3-alpha.19 h1:yVhzk2sDcUBAKMxBcN3kl6ekVwmVXIWh21vIhgBBdno=
github.com/tapvanvn/gosmartstring v0.0.3-alpha.19/go.mod h1:t2tQOV1SsHl0tbHMSeiet0ESqNKjeWTgT9CJOPz5Hqs=
github.com/tapvanvn/gosmartstring v0.0.3-alpha.20 h1:/fPhzr+w5flDHyQdq/p+7gqXRmja4NfZDro+4bo1pho=
github.com/tapvanvn/gosmartstring v0.0.3-alpha.20/go.mod h1:t2tQOV1SsHl0tbHMSeiet0ESqNKjeWTgT9CJOPz5Hqs=
github.com/tapvanvn/gosmartstring v0.0.3-alpha.21 h1:WgFv/KGwO+nCz+zavZMeTzuI9Erq+2Oj26qeNO+wDnI=
github.com/tapvanvn/gosmartstring v0.0.3-alpha.21/go.mod h1:t2tQOV1SsHl0tbHMSeiet0ESqNKjeWTgT9CJOPz5Hqs=
github.com/tapvanvn/gosmartstring v0.0.3-alpha.22 h1:VD+Cky3jGGL1dy6YpieUB0+b192goKpW7P0UNrfIZoE=
github.com/tapvanvn/gosmartstring v0.0.3-alpha.22/go.mod h1:t2tQOV1SsHl0tbHMSeiet0ESqNKjeWTgT9CJOPz5Hqs=
github.com/tapvanvn/gosmartstring v0.0.3-alpha.23 h1:U7qpZQTaSCBTxraH4kAeResj1gvyHxuv+c6D6iTa1bg=
github.com/tapvanvn/gosmartstring v0.0.3-alpha.23/go.mod h1:t2tQOV1SsHl0tbHMSeiet0ESqNKjeWTgT9CJOPz5Hqs=
github.com/tapvanvn/gotokenize/v2 v2.1.3 h1:05ySgZ+LOQ/D0+JFN7Rds1wwdBI60v+FbStT8kW7OsM=
github.com/tapvanvn/gotokenize/v2 v2.1.3/go.mod h1:igN/DI3RTPW+WwTyo04/jz3yrSezq6leZ4x4eua0qUM=
github.com/tapvanvn/gotokenize/v2 v2.1.4-alpha.1 h1:6i6NThW/EGhDewzX3rx/lJvx9O1J/uNnHFF0rTogAEc=
github.com/tapvanvn/gotokenize/v2 v2.1.4-alpha.1/go.mod h1:igN/DI3RTPW+WwTyo04/jz3yrSezq6leZ4x4eua0qUM=
github.com/tapvanvn/gotokenize/v2 v2.1.4-alpha.2 h1:TuWy1poJ5WGc2cKTDHK1AWpL9HdCltrV5bRnobvqjvk=
github.com/tapvanvn/gotokenize/v2 v2.1.4-alpha.2/go.mod h1:igN/DI3RTPW+WwTyo04/jz3yrSezq6leZ4x4eua0qUM=
github.com/tapvanvn/gotokenize/v2 v2.1.4-alpha.3 h1:szy4JsRdDf+u/tljR+ey6Qg8wpeJlfdsfSm8ScVeZYE=
github.com/tapvanvn/gotokenize/v2 v2.1.4-alpha.3/go.mod h1:igN/DI3RTPW+WwTyo04/jz3yrSezq6leZ4x4eua0qUM=
github.com/tapvanvn/gotokenize/v2 v2.1.4-alpha.4 h1:JXtOQiAbxtakmiNkSxdLwEtYwhuM0PXjzafebd109aM=
github.com/tapvanvn/gotokenize/v2 v2.1.4-alpha.4/go.mod h1:igN/DI3RTPW+WwTyo04/jz3yrSezq6leZ4x4eua0qUM=
github.com/tapvanvn/gotokenize/v2 v2.1.4-alpha.5 h1:u85vwCrVouRavsXT/YeG8822Uzv2QWTLozccueWX+rA=
github.com/tapvanvn/gotokenize/v2 v2.1.4-alpha.5/go.mod h1:igN/DI3RTPW+WwTyo04/jz3yrSezq6leZ4x4eua0qUM=
github.com/tapvanvn/goworker v1.1.0 h1:kdVc3FBmGcHw0NeBeD7XmE5waNyDDOxvY4z23a8xa2U=
github.com/tapvanvn/goworker v1.1.0/go.mod h1:6VM5Oqp+TLPjVTzqeCyDWXJO/b5qie8C/upOBbP1EZc=
github.com/tapvanvn/goworker v1.1.1 h1:O+xkx/O28mVMg6ul/vtwLOolmkwBQwjQ5qBvKYt7Hzg=
github.com/tapvanvn/goworker v1.1.1/go.mod h1:6VM5Oqp+TLPjVTzqeCyDWXJO/b5qie8C/upOBbP1EZc=
github.com/tidwall/pretty v1.0.0/go.mod h1:XNkn88O1ChpSDQmQeStsy+sBenx6DDtFZJxhVysOjyk=
github.com/xdg/scram v0.0.0-20180814205039-7eeb5667e42c/go.mod h1:lB8K/P019DLNhemzwFU4jHLhdvlE6uDZjXFejJXr49I=
github.com/xdg/stringprep v0.0.0-20180714160509-73f8eece6fdc/go.mod h1:Jhud4/sHMO4oL310DaZAKk9ZaJ08SJfe+sJh0HrGL1Y=
github.com/youmark/pkcs8 v0.0.0-20181117223130-1be2e3e5546d/go.mod h1:rHwXgn7JulP+udvsHwJoVG1YGAP6VLg4y9I5dyZdqmA=
go.mongodb.org/mongo-driver v1.5.0 h1:REddm85e1Nl0JPXGGhgZkgJdG/yOe6xvpXUcYK5WLt0=
go.mongodb.org/mongo-driver v1.5.0/go.mod h1:boiGPFqyBs5R0R5qf2ErokGRekMfwn+MqKaUyHs7wy0=
golang.org/x/crypto v0.0.0-20180904163835-0709b304e793/go.mod h1:6SG95UA2DQfeDnfUPMdvaQW0Q7yPrPDi9nlGo2tz2b4=
golang.org/x/crypto v0.0.0-20190308221718-c2843e01d9a2/go.mod h1:djNgcEr1/C05ACkg1iLfiJU5Ep61QUkGW8qpdssI0+w=
golang.org/x/crypto v0.0.0-20190422162423-af44ce270edf/go.mod h1:WFFai1msRO1wXaEeE5yQxYXgSfI8pQAWXbQop6sCtWE=
golang.org/x/crypto v0.0.0-20200302210943-78000ba7a073/go.mod h1:LzIPMQfyMNhhGPhUkYOs5KpL4U8rLKemX1yGLhDgUto=
golang.org/x/net v0.0.0-20190311183353-d8887717615a/go.mod h1:t9HGtf8HONx5eT2rtn7q6eTqICYqUVnKs3thJo3Qplg=
golang.org/x/net v0.0.0-20190404232315-eb5bcb51f2a3/go.mod h1:t9HGtf8HONx5eT2rtn7q6eTqICYqUVnKs3thJo3Qplg=
golang.org/x/net v0.0.0-20200202094626-16171245cfb2/go.mod h1:z5CRVTTTmAJ677TzLLGU+0bjPO0LkuOLi4/5GtJWs/s=
golang.org/x/sync v0.0.0-20190227155943-e225da77a7e6/go.mod h1:RxMgew5VJxzue5/jJTE5uejpjVlOe/izrB70Jof72aM=
golang.org/x/sync v0.0.0-20190412183630-56d357773e84/go.mod h1:RxMgew5VJxzue5/jJTE5uejpjVlOe/izrB70Jof72aM=
golang.org/x/sync v0.0.0-20190423024810-112230192c58/go.mod h1:RxMgew5VJxzue5/jJTE5uejpjVlOe/izrB70Jof72aM=
golang.org/x/sync v0.0.0-20190911185100-cd5d95a43a6e/go.mod h1:RxMgew5VJxzue5/jJTE5uejpjVlOe/izrB70Jof72aM=
golang.org/x/sys v0.0.0-20180905080454-ebe1bf3edb33/go.mod h1:STP8DvDyc/dI5b8T5hshtkjS+E42TnysNCUPdjciGhY=
golang.org/x/sys v0.0.0-20190215142949-d0b11bdaac8a/go.mod h1:STP8DvDyc/dI5b8T5hshtkjS+E42TnysNCUPdjciGhY=
golang.org/x/sys v0.0.0-20190403152447-81d4e9dc473e/go.mod h1:h1NjWce9XRLGQEsW7wpKNCjG9DtNlClVuFLEZdDNbEs=
golang.org/x/sys v0.0.0-20190412213103-97732733099d/go.mod h1:h1NjWce9XRLGQEsW7wpKNCjG9DtNlClVuFLEZdDNbEs=
golang.org/x/sys v0.0.0-20190419153524-e8e3143a4f4a/go.mod h1:h1NjWce9XRLGQEsW7wpKNCjG9DtNlClVuFLEZdDNbEs=
golang.org/x/sys v0.0.0-20190422165155-953cdadca894/go.mod h1:h1NjWce9XRLGQEsW7wpKNCjG9DtNlClVuFLEZdDNbEs=
golang.org/x/sys v0.0.0-20190531175056-4c3a928424d2/go.mod h1:h1NjWce9XRLGQEsW7wpKNCjG9DtNlClVuFLEZdDNbEs=
golang.org/x/text v0.3.0/go.mod h1:NqM8EUOU14njkJ3fqMW+pc6Ldnwhi/IjpwHt7yyuwOQ=
golang.org/x/text v0.3.3/go.mod h1:5Zoc/QRtKVWzQhOtBMvqHzDpF6irO9z98xDceosuGiQ=
golang.org/x/tools v0.0.0-20180917221912-90fa682c2a6e/go.mod h1:n7NCudcB/nEzxVGmLbDWY5pfWTLqBcC2KZ6jyYvM4mQ=
golang.org/x/tools v0.0.0-20190329151228-23e29df326fe/go.mod h1:LCzVGOaR6xXOjkQ3onu1FJEFr0SW1gC7cKk1uF8kGRs=
golang.org/x/tools v0.0.0-20190416151739-9c9e1878f421/go.mod h1:LCzVGOaR6xXOjkQ3onu1FJEFr0SW1gC7cKk1uF8kGRs=
golang.org/x/tools v0.0.0-20190420181800-aa740d480789/go.mod h1:LCzVGOaR6xXOjkQ3onu1FJEFr0SW1gC7cKk1uF8kGRs=
golang.org/x/tools v0.0.0-20190531172133-b3315ee88b7d/go.mod h1:/rFqwRUd4F7ZHNgwSSTFct+R/Kf4OFW1sUzUTQQTgfc=
golang.org/x/xerrors v0.0.0-20191204190536-9bdfabe68543/go.mod h1:I/5z698sn9Ka8TeJc9MKroUUfqBBauWjQqLJ2OPfmY0=
gopkg.in/check.v1 v0.0.0-20161208181325-20d25e280405/go.mod h1:Co6ibVJAznAaIkqp8huTwlJQCZ016jof/cbN4VW5Yz0=
gopkg.in/check.v1 v1.0.0-20180628173108-788fd7840127/go.mod h1:Co6ibVJAznAaIkqp8huTwlJQCZ016jof/cbN4VW5Yz0=
gopkg.in/errgo.v2 v2.1.0/go.mod h1:hNsd1EY+bozCKY1Ytp96fpM3vjJbqLJn88ws8XvfDNI=
gopkg.in/yaml.v2 v2.2.8/go.mod h1:hI93XBmqTisBFMUTm0b8Fm+jr3Dg1NNxqwp+5A1VGuI=
gopkg.in/yaml.v3 v3.0.0-20200313102051-9f266ea9e77c/go.mod h1:K4uyk7z7BCEPqu6E+C64Yfv1cQ7kz7rIZviUmN+EgEM=
