github.com/google/uuid v1.2.0 h1:qJYtXnJRWmpe7m/3XlyhrsLrEURqHRM2kxzoxXqyUDs=
github.com/google/uuid v1.2.0/go.mod h1:TIyPZe4MgqvfeYDBFedMoGGpEw/LqOeaOT+nhxU+yHo=
github.com/tapvanvn/gosmartstring v0.0.1-0.20210322071850-8fca60932d05/go.mod h1:qvdJTN04rN5+t9B8rIaA1U/ac9S1m5xOGWC1l0gDyuc=
github.com/tapvanvn/gosmartstring v0.0.1-alpha.1/go.mod h1:4W6iE5b7NBOig4ox+pSgk0cXHTHVDRF9I5RuaSIOJCc=
github.com/tapvanvn/gosmartstring v0.0.1-alpha.2/go.mod h1:m8dXy4IWzvH/ZDjvxEoiXoXFY/5p+JaAolDcT7yGL+U=
github.com/tapvanvn/gosmartstring v0.0.2-alpha.4 h1:iYaBwiLNQX6dF9TYHs8Xt3pN3PdpLoZJj9NJXi36FWQ=
github.com/tapvanvn/gosmartstring v0.0.2-alpha.4/go.mod h1:m8dXy4IWzvH/ZDjvxEoiXoXFY/5p+JaAolDcT7yGL+U=
github.com/tapvanvn/gosmartstring v0.0.2-alpha.5 h1:0l6kzrLU2V/d5DmCfPzFdb6TBZpZhhZBE15xpM+JCNU=
github.com/tapvanvn/gosmartstring v0.0.2-alpha.5/go.mod h1:m8dXy4IWzvH/ZDjvxEoiXoXFY/5p+JaAolDcT7yGL+U=
github.com/tapvanvn/gosmartstring v0.0.2-alpha.6 h1:Agzo042jcfDH6djkuvnbso7nqvHnHGvz1rmq2wiaYFk=
github.com/tapvanvn/gosmartstring v0.0.2-alpha.6/go.mod h1:FZDXQadh0rPPQC0JSutuMuiIMdlfDmlDe9UGQCzHpv8=
github.com/tapvanvn/gosmartstring v0.0.2-alpha.7 h1:/y8yAF8bCSWmQptRDaT+Zmy2XOryGPccLZiwsmdC/vc=
github.com/tapvanvn/gosmartstring v0.0.2-alpha.7/go.mod h1:fZobMwF2TGk71UQBWx67gql7dFv6t9fHlt2kPxAwEHM=
github.com/tapvanvn/gosmartstring v0.0.2-alpha.8 h1:EXjsu3z1uoup/YB9dM0LubY3bK4Wqt1i4B4eWkwBX64=
github.com/tapvanvn/gosmartstring v0.0.2-alpha.8/go.mod h1:VZQZZ04eZP0Exifm+Eqailv27sHzt2vkbEd0Ht5RnQ8=
github.com/tapvanvn/gosmartstring v0.0.2-alpha.9 h1:9N/uyrKlFyJOxF9n59ERNuRt1wpzQDTvFYeY0N3eExs=
github.com/tapvanvn/gosmartstring v0.0.2-alpha.9/go.mod h1:VZQZZ04eZP0Exifm+Eqailv27sHzt2vkbEd0Ht5RnQ8=
github.com/tapvanvn/gosmartstring v0.0.2-alpha.10 h1:frOwWqBq7re3KOVc1PvVQKWuavh+8Is3Mi6XGb4ehBc=
github.com/tapvanvn/gosmartstring v0.0.2-alpha.10/go.mod h1:VZQZZ04eZP0Exifm+Eqailv27sHzt2vkbEd0Ht5RnQ8=
github.com/tapvanvn/gosmartstring v0.0.2-alpha.11 h1:JFdBiwiveqf3+3NJGt10LhCBN579LF6Dty/vqLwIUcQ=
github.com/tapvanvn/gosmartstring v0.0.2-alpha.11/go.mod h1:VZQZZ04eZP0Exifm+Eqailv27sHzt2vkbEd0Ht5RnQ8=
github.com/tapvanvn/gosmartstring v0.0.2-alpha.12 h1:CplIS2d8I2qijJV805BVX0xvnCZmV6Jbo5Ak3wCMa7E=
github.com/tapvanvn/gosmartstring v0.0.2-alpha.12/go.mod h1:VZQZZ04eZP0Exifm+Eqailv27sHzt2vkbEd0Ht5RnQ8=
github.com/tapvanvn/gosmartstring v0.0.2-alpha.13 h1:q4LyXMAt00cT0EZNSk71EcaSUwg8XSuh/8Mwi4q2k90=
github.com/tapvanvn/gosmartstring v0.0.2-alpha.13/go.mod h1:VZQZZ04eZP0Exifm+Eqailv27sHzt2vkbEd0Ht5RnQ8=
github.com/tapvanvn/gosmartstring v0.0.2-alpha.14 h1:9/Pod4PVz1oy5RC7vYK4tXeCoo493XdVGzNJZBB0fKc=
github.com/tapvanvn/gosmartstring v0.0.2-alpha.14/go.mod h1:VZQZZ04eZP0Exifm+Eqailv27sHzt2vkbEd0Ht5RnQ8=
github.com/tapvanvn/gosmartstring v0.0.2-alpha.15 h1:ljk0lA+6maH5lETyKVIXXXC8VDsZdW8M2jv3si/yda0=
github.com/tapvanvn/gosmartstring v0.0.2-alpha.15/go.mod h1:VZQZZ04eZP0Exifm+Eqailv27sHzt2vkbEd0Ht5RnQ8=
github.com/tapvanvn/gosmartstring v0.0.2-alpha.16 h1:qg/PhTDbMhM57epQmHb2SHXO3A7CkW8ZpzMWmNYl3lg=
github.com/tapvanvn/gosmartstring v0.0.2-alpha.16/go.mod h1:VZQZZ04eZP0Exifm+Eqailv27sHzt2vkbEd0Ht5RnQ8=
github.com/tapvanvn/gosmartstring v0.0.2-alpha.17 h1:9xkzCqqzx6IJ764CUhk5vU8h1rAKgFBNYkZNs6i+NNI=
github.com/tapvanvn/gosmartstring v0.0.2-alpha.17/go.mod h1:VZQZZ04eZP0Exifm+Eqailv27sHzt2vkbEd0Ht5RnQ8=
github.com/tapvanvn/gosmartstring v0.0.2-alpha.18 h1:bvFPkTtqtDcbkAgsjaTmnSGnaLeRJ+t7hksGbcYtFgo=
github.com/tapvanvn/gosmartstring v0.0.2-alpha.18/go.mod h1:VZQZZ04eZP0Exifm+Eqailv27sHzt2vkbEd0Ht5RnQ8=
github.com/tapvanvn/gosmartstring v0.0.2-alpha.19 h1:dIqpYqJlhHBEH9DSdLDV8PSAj8sngFSW09J9krKoQaY=
github.com/tapvanvn/gosmartstring v0.0.2-alpha.19/go.mod h1:VZQZZ04eZP0Exifm+Eqailv27sHzt2vkbEd0Ht5RnQ8=
github.com/tapvanvn/gosmartstring v0.0.2-alpha.20 h1:zi1e8j/L+PFdbziWU/cUP5E1KVEY1mdzV3FafDsQNhg=
github.com/tapvanvn/gosmartstring v0.0.2-alpha.20/go.mod h1:VZQZZ04eZP0Exifm+Eqailv27sHzt2vkbEd0Ht5RnQ8=
github.com/tapvanvn/gosmartstring v0.0.2-alpha.21 h1:velHu3k/fa2yy3E0WBpLstDvPSiPPapEIa3izN3zm1Q=
github.com/tapvanvn/gosmartstring v0.0.2-alpha.21/go.mod h1:VZQZZ04eZP0Exifm+Eqailv27sHzt2vkbEd0Ht5RnQ8=
github.com/tapvanvn/gosmartstring v0.0.2-alpha.22 h1:fv2phAMtalZxyvkyxa8eBv6teBakcj8k4IDxYCk/KWU=
github.com/tapvanvn/gosmartstring v0.0.2-alpha.22/go.mod h1:VZQZZ04eZP0Exifm+Eqailv27sHzt2vkbEd0Ht5RnQ8=
github.com/tapvanvn/gosmartstring v0.0.2-alpha.23 h1:HlN5EV4yaD2BnuObuC0ZgJg6rIXPO87zNO+U58ny3QI=
github.com/tapvanvn/gosmartstring v0.0.2-alpha.23/go.mod h1:VZQZZ04eZP0Exifm+Eqailv27sHzt2vkbEd0Ht5RnQ8=
github.com/tapvanvn/gosmartstring v0.0.2-alpha.24 h1:meSaOGXirLrYZpM8U2SBfOjwR+OL4IOUGxc/riy5MkU=
github.com/tapvanvn/gosmartstring v0.0.2-alpha.24/go.mod h1:VZQZZ04eZP0Exifm+Eqailv27sHzt2vkbEd0Ht5RnQ8=
github.com/tapvanvn/gosmartstring v0.0.2-alpha.25 h1:3yHW2dPmegTUSF8ONL7xx0+V/9DcEiwLlEqHwB/O1dU=
github.com/tapvanvn/gosmartstring v0.0.2-alpha.25/go.mod h1:VZQZZ04eZP0Exifm+Eqailv27sHzt2vkbEd0Ht5RnQ8=
github.com/tapvanvn/gosmartstring v0.0.2-alpha.26 h1:Z5PAwA+Kq0T2Rsr382t01LiP/3awnTXW/HO370FqeFk=
github.com/tapvanvn/gosmartstring v0.0.2-alpha.26/go.mod h1:VZQZZ04eZP0Exifm+Eqailv27sHzt2vkbEd0Ht5RnQ8=
github.com/tapvanvn/gosmartstring v0.0.2-alpha.27 h1:iY1bjMjibQzLbmBKStQO0x882nnjNwebxFyHgHQxCr8=
github.com/tapvanvn/gosmartstring v0.0.2-alpha.27/go.mod h1:VZQZZ04eZP0Exifm+Eqailv27sHzt2vkbEd0Ht5RnQ8=
github.com/tapvanvn/gosmartstring v0.0.2-alpha.28 h1:b+lgL+5owegN1gk4S9mCBAmxKC19U02YPbigNcPZHvs=
github.com/tapvanvn/gosmartstring v0.0.2-alpha.28/go.mod h1:VZQZZ04eZP0Exifm+Eqailv27sHzt2vkbEd0Ht5RnQ8=
github.com/tapvanvn/gosmartstring v0.0.2-alpha.29 h1:Q8+H/RxPhLF6UirSprYusHbSSffbqEcFQ0BXv3H2mEg=
github.com/tapvanvn/gosmartstring v0.0.2-alpha.29/go.mod h1:VZQZZ04eZP0Exifm+Eqailv27sHzt2vkbEd0Ht5RnQ8=
github.com/tapvanvn/gosmartstring v0.0.2-alpha.30 h1:Fk7oPUMm2Ox7rNnFKr6k+kr+vKwcmaChxUOE+/NWS4Q=
github.com/tapvanvn/gosmartstring v0.0.2-alpha.30/go.mod h1:VZQZZ04eZP0Exifm+Eqailv27sHzt2vkbEd0Ht5RnQ8=
github.com/tapvanvn/gosmartstring v0.0.2-alpha.31 h1:cOJAKpzv+hMdXqRGFBTGHYipVnAr7WD7Dx1Yl6GApkg=
github.com/tapvanvn/gosmartstring v0.0.2-alpha.31/go.mod h1:VZQZZ04eZP0Exifm+Eqailv27sHzt2vkbEd0Ht5RnQ8=
github.com/tapvanvn/gosmartstring v0.0.2-alpha.32 h1:Phf3DRkY9isw7JpdsLcN+jqY7T3cNF1NFwHeLEoa3jo=
github.com/tapvanvn/gosmartstring v0.0.2-alpha.32/go.mod h1:VZQZZ04eZP0Exifm+Eqailv27sHzt2vkbEd0Ht5RnQ8=
github.com/tapvanvn/gosmartstring v0.0.2-alpha.33 h1:7zSoHb0mDs0zns3VttrP855HMC/gKPjJ1NOcBII5Mdo=
github.com/tapvanvn/gosmartstring v0.0.2-alpha.33/go.mod h1:VZQZZ04eZP0Exifm+Eqailv27sHzt2vkbEd0Ht5RnQ8=
github.com/tapvanvn/gosmartstring v0.0.2-alpha.34 h1:6pbvIRA57VaD9S7v97FAVZTVnIWoBmelgx+Y2VSlFxk=
github.com/tapvanvn/gosmartstring v0.0.2-alpha.34/go.mod h1:VZQZZ04eZP0Exifm+Eqailv27sHzt2vkbEd0Ht5RnQ8=
github.com/tapvanvn/gosmartstring v0.0.2-alpha.35 h1:yEAbC6Pev6HVFF7gVTi7YdZ/avJtsMxtkBLQ4CiB+BE=
github.com/tapvanvn/gosmartstring v0.0.2-alpha.35/go.mod h1:VZQZZ04eZP0Exifm+Eqailv27sHzt2vkbEd0Ht5RnQ8=
github.com/tapvanvn/gosmartstring v0.0.2-alpha.36 h1:Jn1S3IU9lMU3jd3UsjtQbtxrY+onHqdJwxeuhF6J0dM=
github.com/tapvanvn/gosmartstring v0.0.2-alpha.36/go.mod h1:VZQZZ04eZP0Exifm+Eqailv27sHzt2vkbEd0Ht5RnQ8=
github.com/tapvanvn/gosmartstring v0.0.2-alpha.37 h1:xBsdH/RYZUkhEsCql0t5bsfe0uClEVeU/oj6518Sigc=
github.com/tapvanvn/gosmartstring v0.0.2-alpha.37/go.mod h1:VZQZZ04eZP0Exifm+Eqailv27sHzt2vkbEd0Ht5RnQ8=
github.com/tapvanvn/gosmartstring v0.0.2-alpha.38 h1:sGyfWdX7nwVP6yeL20YDfBkExunFfQS5YC/dv+oxhUQ=
github.com/tapvanvn/gosmartstring v0.0.2-alpha.38/go.mod h1:VZQZZ04eZP0Exifm+Eqailv27sHzt2vkbEd0Ht5RnQ8=
github.com/tapvanvn/gotokenize v1.0.3/go.mod h1:c1ii3Fn2gjeHTvKYbYBXVpHRqFf8YNmCdmQQEQ7cos4=
github.com/tapvanvn/gotokenize v1.0.4/go.mod h1:c1ii3Fn2gjeHTvKYbYBXVpHRqFf8YNmCdmQQEQ7cos4=
github.com/tapvanvn/gotokenize v1.0.5-alpha.1 h1:fm+k8BTQYXpV1pW45BSOvU5kxkP1fu006A3Rnfb70AY=
github.com/tapvanvn/gotokenize v1.0.5-alpha.1/go.mod h1:c1ii3Fn2gjeHTvKYbYBXVpHRqFf8YNmCdmQQEQ7cos4=
github.com/tapvanvn/gotokenize v1.0.5-alpha.2 h1:UH2T+PMaCKlX5wEbR7TnWPymVrjHEBT9rysjyeqLjcE=
github.com/tapvanvn/gotokenize v1.0.5-alpha.2/go.mod h1:c1ii3Fn2gjeHTvKYbYBXVpHRqFf8YNmCdmQQEQ7cos4=
github.com/tapvanvn/gotokenize v1.0.5-alpha.3 h1:J/jdMEOBgODYJvOcnI7u8iaLFBNswU6DWHk+961FuYk=
github.com/tapvanvn/gotokenize v1.0.5-alpha.3/go.mod h1:c1ii3Fn2gjeHTvKYbYBXVpHRqFf8YNmCdmQQEQ7cos4=
github.com/tapvanvn/gotokenize v1.0.5-alpha.4 h1:SuZfGIedoNZVXufXG/iFORIXGlPbkS4V+7EuRTy5+pQ=
github.com/tapvanvn/gotokenize v1.0.5-alpha.4/go.mod h1:c1ii3Fn2gjeHTvKYbYBXVpHRqFf8YNmCdmQQEQ7cos4=
github.com/tapvanvn/goworker v1.1.0 h1:kdVc3FBmGcHw0NeBeD7XmE5waNyDDOxvY4z23a8xa2U=
github.com/tapvanvn/goworker v1.1.0/go.mod h1:6VM5Oqp+TLPjVTzqeCyDWXJO/b5qie8C/upOBbP1EZc=
